
Microsoft Visual Studio Solution File, Format Version 12.00
# Visual Studio 2012
Project("{8BC9CEB8-8B4A-11D0-8D11-00A0C91BC942}") = "intel_ros", "intel_ros\intel_ros.vcxproj", "{9482B8EA-BAC3-4627-A70D-C2D546A59A0E}"
EndProject
Project("{8BC9CEB8-8B4A-11D0-8D11-00A0C91BC942}") = "voice_synthesis", "voice_synthesis\voice_synthesis.vcxproj", "{BBF766CB-E5EF-471C-93DA-9121E3961994}"
EndProject
Project("{8BC9CEB8-8B4A-11D0-8D11-00A0C91BC942}") = "voice_recognition", "voice_recognition\voice_recognition.vcxproj", "{D86EC06D-5DFD-4814-A10D-1F5617107F0F}"
EndProject
Project("{8BC9CEB8-8B4A-11D0-8D11-00A0C91BC942}") = "test", "test\test.vcxproj", "{575B2AC0-060A-4DF7-B73D-0AD9370C6760}"
EndProject
Project("{8BC9CEB8-8B4A-11D0-8D11-00A0C91BC942}") = "rgbd_collector", "rgbd_collector\rgbd_collector.vcxproj", "{62430C3E-345E-4C2D-867C-D7C557139E8B}"
EndProject
Project("{8BC9CEB8-8B4A-11D0-8D11-00A0C91BC942}") = "gesture_recognition", "gesture_recognition\gesture_recognition.vcxproj", "{3FB896BD-28CD-4E06-8A52-CCF460979F45}"
EndProject
Global
	GlobalSection(SolutionConfigurationPlatforms) = preSolution
		Debug|Win32 = Debug|Win32
		Release|Win32 = Release|Win32
	EndGlobalSection
	GlobalSection(ProjectConfigurationPlatforms) = postSolution
		{9482B8EA-BAC3-4627-A70D-C2D546A59A0E}.Debug|Win32.ActiveCfg = Debug|Win32
		{9482B8EA-BAC3-4627-A70D-C2D546A59A0E}.Debug|Win32.Build.0 = Debug|Win32
		{9482B8EA-BAC3-4627-A70D-C2D546A59A0E}.Release|Win32.ActiveCfg = Release|Win32
		{9482B8EA-BAC3-4627-A70D-C2D546A59A0E}.Release|Win32.Build.0 = Release|Win32
		{BBF766CB-E5EF-471C-93DA-9121E3961994}.Debug|Win32.ActiveCfg = Debug|Win32
		{BBF766CB-E5EF-471C-93DA-9121E3961994}.Debug|Win32.Build.0 = Debug|Win32
		{BBF766CB-E5EF-471C-93DA-9121E3961994}.Release|Win32.ActiveCfg = Release|Win32
		{BBF766CB-E5EF-471C-93DA-9121E3961994}.Release|Win32.Build.0 = Release|Win32
		{D86EC06D-5DFD-4814-A10D-1F5617107F0F}.Debug|Win32.ActiveCfg = Debug|Win32
		{D86EC06D-5DFD-4814-A10D-1F5617107F0F}.Debug|Win32.Build.0 = Debug|Win32
		{D86EC06D-5DFD-4814-A10D-1F5617107F0F}.Release|Win32.ActiveCfg = Release|Win32
		{D86EC06D-5DFD-4814-A10D-1F5617107F0F}.Release|Win32.Build.0 = Release|Win32
		{575B2AC0-060A-4DF7-B73D-0AD9370C6760}.Debug|Win32.ActiveCfg = Debug|Win32
		{575B2AC0-060A-4DF7-B73D-0AD9370C6760}.Debug|Win32.Build.0 = Debug|Win32
		{575B2AC0-060A-4DF7-B73D-0AD9370C6760}.Release|Win32.ActiveCfg = Release|Win32
		{575B2AC0-060A-4DF7-B73D-0AD9370C6760}.Release|Win32.Build.0 = Release|Win32
		{62430C3E-345E-4C2D-867C-D7C557139E8B}.Debug|Win32.ActiveCfg = Debug|Win32
		{62430C3E-345E-4C2D-867C-D7C557139E8B}.Debug|Win32.Build.0 = Debug|Win32
		{62430C3E-345E-4C2D-867C-D7C557139E8B}.Release|Win32.ActiveCfg = Release|Win32
		{62430C3E-345E-4C2D-867C-D7C557139E8B}.Release|Win32.Build.0 = Release|Win32
		{3FB896BD-28CD-4E06-8A52-CCF460979F45}.Debug|Win32.ActiveCfg = Debug|Win32
		{3FB896BD-28CD-4E06-8A52-CCF460979F45}.Debug|Win32.Build.0 = Debug|Win32
		{3FB896BD-28CD-4E06-8A52-CCF460979F45}.Release|Win32.ActiveCfg = Release|Win32
		{3FB896BD-28CD-4E06-8A52-CCF460979F45}.Release|Win32.Build.0 = Release|Win32
	EndGlobalSection
	GlobalSection(SolutionProperties) = preSolution
		HideSolutionNode = FALSE
	EndGlobalSection
EndGlobal
